{
  "requires": true,
  "lockfileVersion": 1,
  "dependencies": {
    "commander": {
      "version": "4.1.0",
      "resolved": "https://registry.npm.taobao.org/commander/download/commander-4.1.0.tgz?cache=0&sync_timestamp=1578302367152&other_urls=https%3A%2F%2Fregistry.npm.taobao.org%2Fcommander%2Fdownload%2Fcommander-4.1.0.tgz",
      "integrity": "sha1-VFmDoGA/5CW8Zy1myePInEISGoM="
    }
  }
}
